
Microsoft Visual Studio Solution File, Format Version 12.00
# Visual Studio Version 16
VisualStudioVersion = 16.0.28407.52
MinimumVisualStudioVersion = 10.0.40219.1
Project("{FAE04EC0-301F-11D3-BF4B-00C04F79EFBC}") = "WebApplication1", "src\FileImportComparer.Web\WebApplication1\WebApplication1.csproj", "{7BC63C9A-F94F-48B1-9B44-CA92AC75DD49}"
EndProject
Global
	GlobalSection(SolutionConfigurationPlatforms) = preSolution
		Debug|Any CPU = Debug|Any CPU
		Release|Any CPU = Release|Any CPU
	EndGlobalSection
	GlobalSection(ProjectConfigurationPlatforms) = postSolution
		{7BC63C9A-F94F-48B1-9B44-CA92AC75DD49}.Debug|Any CPU.ActiveCfg = Debug|Any CPU
		{7BC63C9A-F94F-48B1-9B44-CA92AC75DD49}.Debug|Any CPU.Build.0 = Debug|Any CPU
		{7BC63C9A-F94F-48B1-9B44-CA92AC75DD49}.Release|Any CPU.ActiveCfg = Release|Any CPU
		{7BC63C9A-F94F-48B1-9B44-CA92AC75DD49}.Release|Any CPU.Build.0 = Release|Any CPU
	EndGlobalSection
	GlobalSection(SolutionProperties) = preSolution
		HideSolutionNode = FALSE
	EndGlobalSection
	GlobalSection(ExtensibilityGlobals) = postSolution
		SolutionGuid = {74074C1F-7B5A-480A-9E8C-6660FD12FEC0}
	EndGlobalSection
EndGlobal
